
Microsoft Visual Studio Solution File, Format Version 12.00
# Visual Studio Version 16
VisualStudioVersion = 16.0.31019.35
MinimumVisualStudioVersion = 10.0.40219.1
Project("{FAE04EC0-301F-11D3-BF4B-00C04F79EFBC}") = "groceryCheckoutDesign", "groceryCheckoutDesign\groceryCheckoutDesign.csproj", "{A28B103C-810E-47D8-B7CF-7319EC7FB8F1}"
EndProject
Project("{FAE04EC0-301F-11D3-BF4B-00C04F79EFBC}") = "groceryExecutables", "groceryExecutables\groceryExecutables.csproj", "{7B38F39B-B52F-455D-A68B-777613721F2E}"
EndProject
Global
	GlobalSection(SolutionConfigurationPlatforms) = preSolution
		Debug|Any CPU = Debug|Any CPU
		Release|Any CPU = Release|Any CPU
	EndGlobalSection
	GlobalSection(ProjectConfigurationPlatforms) = postSolution
		{A28B103C-810E-47D8-B7CF-7319EC7FB8F1}.Debug|Any CPU.ActiveCfg = Debug|Any CPU
		{A28B103C-810E-47D8-B7CF-7319EC7FB8F1}.Debug|Any CPU.Build.0 = Debug|Any CPU
		{A28B103C-810E-47D8-B7CF-7319EC7FB8F1}.Release|Any CPU.ActiveCfg = Release|Any CPU
		{A28B103C-810E-47D8-B7CF-7319EC7FB8F1}.Release|Any CPU.Build.0 = Release|Any CPU
		{7B38F39B-B52F-455D-A68B-777613721F2E}.Debug|Any CPU.ActiveCfg = Debug|Any CPU
		{7B38F39B-B52F-455D-A68B-777613721F2E}.Debug|Any CPU.Build.0 = Debug|Any CPU
		{7B38F39B-B52F-455D-A68B-777613721F2E}.Release|Any CPU.ActiveCfg = Release|Any CPU
		{7B38F39B-B52F-455D-A68B-777613721F2E}.Release|Any CPU.Build.0 = Release|Any CPU
	EndGlobalSection
	GlobalSection(SolutionProperties) = preSolution
		HideSolutionNode = FALSE
	EndGlobalSection
	GlobalSection(ExtensibilityGlobals) = postSolution
		SolutionGuid = {A77C036D-9DF3-4B40-882B-AB5B28D69447}
	EndGlobalSection
EndGlobal
